
Microsoft Visual Studio Solution File, Format Version 12.00
# Visual Studio Version 16
VisualStudioVersion = 16.0.31702.278
MinimumVisualStudioVersion = 10.0.40219.1
Project("{FAE04EC0-301F-11D3-BF4B-00C04F79EFBC}") = "SGCC - PERFIL", "SGCC - PERFIL\SGCC - PERFIL.csproj", "{B8EFF0DE-2ACA-425B-BC9F-79D8CEFD37F6}"
EndProject
Project("{00D1A9C2-B5F0-4AF3-8072-F6C62B433612}") = "SGCC(Base de Dados)", "SGCC(Base de Dados)\SGCC(Base de Dados).sqlproj", "{4BDF195C-8D71-4198-87A1-00C468BB61B3}"
EndProject
Global
	GlobalSection(SolutionConfigurationPlatforms) = preSolution
		Debug|Any CPU = Debug|Any CPU
		Release|Any CPU = Release|Any CPU
	EndGlobalSection
	GlobalSection(ProjectConfigurationPlatforms) = postSolution
		{B8EFF0DE-2ACA-425B-BC9F-79D8CEFD37F6}.Debug|Any CPU.ActiveCfg = Debug|Any CPU
		{B8EFF0DE-2ACA-425B-BC9F-79D8CEFD37F6}.Debug|Any CPU.Build.0 = Debug|Any CPU
		{B8EFF0DE-2ACA-425B-BC9F-79D8CEFD37F6}.Release|Any CPU.ActiveCfg = Release|Any CPU
		{B8EFF0DE-2ACA-425B-BC9F-79D8CEFD37F6}.Release|Any CPU.Build.0 = Release|Any CPU
		{4BDF195C-8D71-4198-87A1-00C468BB61B3}.Debug|Any CPU.ActiveCfg = Debug|Any CPU
		{4BDF195C-8D71-4198-87A1-00C468BB61B3}.Debug|Any CPU.Build.0 = Debug|Any CPU
		{4BDF195C-8D71-4198-87A1-00C468BB61B3}.Debug|Any CPU.Deploy.0 = Debug|Any CPU
		{4BDF195C-8D71-4198-87A1-00C468BB61B3}.Release|Any CPU.ActiveCfg = Release|Any CPU
		{4BDF195C-8D71-4198-87A1-00C468BB61B3}.Release|Any CPU.Build.0 = Release|Any CPU
		{4BDF195C-8D71-4198-87A1-00C468BB61B3}.Release|Any CPU.Deploy.0 = Release|Any CPU
	EndGlobalSection
	GlobalSection(SolutionProperties) = preSolution
		HideSolutionNode = FALSE
	EndGlobalSection
	GlobalSection(ExtensibilityGlobals) = postSolution
		SolutionGuid = {1BB991D9-C78F-4752-90F4-F4D5DA234C9C}
	EndGlobalSection
EndGlobal
